PODS:
  - Gallery (2.2.0)
  - KRActivityIndicatorView (3.0.0)
  - KRProgressHUD (3.4.0):
    - KRActivityIndicatorView (= 3.0.0)

DEPENDENCIES:
  - Gallery
  - KRProgressHUD

SPEC REPOS:
  https://github.com/cocoapods/specs.git:
    - Gallery
    - KRActivityIndicatorView
    - KRProgressHUD

SPEC CHECKSUMS:
  Gallery: 3f4c780c4b22906d6b0a5e55d12167cdc4b4fc5b
  KRActivityIndicatorView: c414000730a6f4969eeb354bee4f2aebc89c2c2e
  KRProgressHUD: 79c8703f82179fe34b3602f10b30726f887983fa

PODFILE CHECKSUM: 3a20c5be2e7f5a64dec3e85375c24c13fb446170

COCOAPODS: 1.5.3
